
Microsoft Visual Studio Solution File, Format Version 12.00
# Visual Studio 15
Project("{FAE04EC0-301F-11D3-BF4B-00C04F79EFBC}") = "Assembly-CSharp", "Assembly-CSharp.csproj", "{0D62FCE1-6CC6-EEE3-2A71-07799AEE3B9D}"
EndProject
Project("{FAE04EC0-301F-11D3-BF4B-00C04F79EFBC}") = "Assembly-CSharp-Editor", "Assembly-CSharp-Editor.csproj", "{063B1D73-E4B9-1633-FEFF-B1C3C3000EEC}"
EndProject
Global
	GlobalSection(SolutionConfigurationPlatforms) = preSolution
		Debug|Any CPU = Debug|Any CPU
		Release|Any CPU = Release|Any CPU
	EndGlobalSection
	GlobalSection(ProjectConfigurationPlatforms) = postSolution
		{0D62FCE1-6CC6-EEE3-2A71-07799AEE3B9D}.Debug|Any CPU.ActiveCfg = Debug|Any CPU
		{0D62FCE1-6CC6-EEE3-2A71-07799AEE3B9D}.Debug|Any CPU.Build.0 = Debug|Any CPU
		{0D62FCE1-6CC6-EEE3-2A71-07799AEE3B9D}.Release|Any CPU.ActiveCfg = Release|Any CPU
		{0D62FCE1-6CC6-EEE3-2A71-07799AEE3B9D}.Release|Any CPU.Build.0 = Release|Any CPU
		{063B1D73-E4B9-1633-FEFF-B1C3C3000EEC}.Debug|Any CPU.ActiveCfg = Debug|Any CPU
		{063B1D73-E4B9-1633-FEFF-B1C3C3000EEC}.Debug|Any CPU.Build.0 = Debug|Any CPU
		{063B1D73-E4B9-1633-FEFF-B1C3C3000EEC}.Release|Any CPU.ActiveCfg = Release|Any CPU
		{063B1D73-E4B9-1633-FEFF-B1C3C3000EEC}.Release|Any CPU.Build.0 = Release|Any CPU
	EndGlobalSection
	GlobalSection(SolutionProperties) = preSolution
		HideSolutionNode = FALSE
	EndGlobalSection
EndGlobal
